github.com/adamo57/adamo.io v0.0.0-20181021173949-4cc6d3549699 h1:f435ukVpQrwdSyGFriDVl75kuYZtNwu4vELasnDV3Qs=
github.com/adamo57/adamo.io v0.0.0-20181021173949-4cc6d3549699/go.mod h1:CFWHmvq5kd+CZpSvdu0Gh73gLjpZu3sCDvqkNKtZMQs=
github.com/gorilla/mux v1.6.2 h1:Pgr17XVTNXAk3q/r4CpKzC5xBM/qW1uVLV+IhRZpIIk=
github.com/gorilla/mux v1.6.2/go.mod h1:1lud6UwP+6orDFRuTfBEV8e9/aOM/c4fVVCaMa2zaAs=
